
Microsoft Visual Studio Solution File, Format Version 12.00
# Visual Studio Version 16
VisualStudioVersion = 16.0.31005.135
MinimumVisualStudioVersion = 10.0.40219.1
Project("{FAE04EC0-301F-11D3-BF4B-00C04F79EFBC}") = "TinyJSON", "TinyJSON\TinyJSON.csproj", "{B7E22DAC-A8C9-4E8B-A7F7-F8336836CAFD}"
EndProject
Project("{FAE04EC0-301F-11D3-BF4B-00C04F79EFBC}") = "Example", "Example\Example.csproj", "{8BBC60F1-CEB1-40FC-904C-B681495ADAB6}"
EndProject
Project("{FAE04EC0-301F-11D3-BF4B-00C04F79EFBC}") = "UnitTests", "UnitTests\UnitTests.csproj", "{2CA10905-12EB-4550-9FCF-AEA9572E3B88}"
EndProject
Global
	GlobalSection(SolutionConfigurationPlatforms) = preSolution
		Ad-Hoc|Any CPU = Ad-Hoc|Any CPU
		Ad-Hoc|iPhone = Ad-Hoc|iPhone
		Ad-Hoc|iPhoneSimulator = Ad-Hoc|iPhoneSimulator
		AppStore|Any CPU = AppStore|Any CPU
		AppStore|iPhone = AppStore|iPhone
		AppStore|iPhoneSimulator = AppStore|iPhoneSimulator
		Debug|Any CPU = Debug|Any CPU
		Debug|iPhone = Debug|iPhone
		Debug|iPhoneSimulator = Debug|iPhoneSimulator
		Release|Any CPU = Release|Any CPU
		Release|iPhone = Release|iPhone
		Release|iPhoneSimulator = Release|iPhoneSimulator
	EndGlobalSection
	GlobalSection(ProjectConfigurationPlatforms) = postSolution
		{B7E22DAC-A8C9-4E8B-A7F7-F8336836CAFD}.Ad-Hoc|Any CPU.ActiveCfg = Release|Any CPU
		{B7E22DAC-A8C9-4E8B-A7F7-F8336836CAFD}.Ad-Hoc|Any CPU.Build.0 = Release|Any CPU
		{B7E22DAC-A8C9-4E8B-A7F7-F8336836CAFD}.Ad-Hoc|iPhone.ActiveCfg = Debug|Any CPU
		{B7E22DAC-A8C9-4E8B-A7F7-F8336836CAFD}.Ad-Hoc|iPhone.Build.0 = Debug|Any CPU
		{B7E22DAC-A8C9-4E8B-A7F7-F8336836CAFD}.Ad-Hoc|iPhoneSimulator.ActiveCfg = Release|Any CPU
		{B7E22DAC-A8C9-4E8B-A7F7-F8336836CAFD}.Ad-Hoc|iPhoneSimulator.Build.0 = Release|Any CPU
		{B7E22DAC-A8C9-4E8B-A7F7-F8336836CAFD}.AppStore|Any CPU.ActiveCfg = Release|Any CPU
		{B7E22DAC-A8C9-4E8B-A7F7-F8336836CAFD}.AppStore|Any CPU.Build.0 = Release|Any CPU
		{B7E22DAC-A8C9-4E8B-A7F7-F8336836CAFD}.AppStore|iPhone.ActiveCfg = Debug|Any CPU
		{B7E22DAC-A8C9-4E8B-A7F7-F8336836CAFD}.AppStore|iPhone.Build.0 = Debug|Any CPU
		{B7E22DAC-A8C9-4E8B-A7F7-F8336836CAFD}.AppStore|iPhoneSimulator.ActiveCfg = Release|Any CPU
		{B7E22DAC-A8C9-4E8B-A7F7-F8336836CAFD}.AppStore|iPhoneSimulator.Build.0 = Release|Any CPU
		{B7E22DAC-A8C9-4E8B-A7F7-F8336836CAFD}.Debug|Any CPU.ActiveCfg = Debug|Any CPU
		{B7E22DAC-A8C9-4E8B-A7F7-F8336836CAFD}.Debug|Any CPU.Build.0 = Debug|Any CPU
		{B7E22DAC-A8C9-4E8B-A7F7-F8336836CAFD}.Debug|iPhone.ActiveCfg = Debug|Any CPU
		{B7E22DAC-A8C9-4E8B-A7F7-F8336836CAFD}.Debug|iPhone.Build.0 = Debug|Any CPU
		{B7E22DAC-A8C9-4E8B-A7F7-F8336836CAFD}.Debug|iPhoneSimulator.ActiveCfg = Debug|Any CPU
		{B7E22DAC-A8C9-4E8B-A7F7-F8336836CAFD}.Debug|iPhoneSimulator.Build.0 = Debug|Any CPU
		{B7E22DAC-A8C9-4E8B-A7F7-F8336836CAFD}.Release|Any CPU.ActiveCfg = Release|Any CPU
		{B7E22DAC-A8C9-4E8B-A7F7-F8336836CAFD}.Release|Any CPU.Build.0 = Release|Any CPU
		{B7E22DAC-A8C9-4E8B-A7F7-F8336836CAFD}.Release|iPhone.ActiveCfg = Release|Any CPU
		{B7E22DAC-A8C9-4E8B-A7F7-F8336836CAFD}.Release|iPhone.Build.0 = Release|Any CPU
		{B7E22DAC-A8C9-4E8B-A7F7-F8336836CAFD}.Release|iPhoneSimulator.ActiveCfg = Release|Any CPU
		{B7E22DAC-A8C9-4E8B-A7F7-F8336836CAFD}.Release|iPhoneSimulator.Build.0 = Release|Any CPU
		{8BBC60F1-CEB1-40FC-904C-B681495ADAB6}.Ad-Hoc|Any CPU.ActiveCfg = Release|Any CPU
		{8BBC60F1-CEB1-40FC-904C-B681495ADAB6}.Ad-Hoc|Any CPU.Build.0 = Release|Any CPU
		{8BBC60F1-CEB1-40FC-904C-B681495ADAB6}.Ad-Hoc|iPhone.ActiveCfg = Debug|Any CPU
		{8BBC60F1-CEB1-40FC-904C-B681495ADAB6}.Ad-Hoc|iPhone.Build.0 = Debug|Any CPU
		{8BBC60F1-CEB1-40FC-904C-B681495ADAB6}.Ad-Hoc|iPhoneSimulator.ActiveCfg = Release|Any CPU
		{8BBC60F1-CEB1-40FC-904C-B681495ADAB6}.Ad-Hoc|iPhoneSimulator.Build.0 = Release|Any CPU
		{8BBC60F1-CEB1-40FC-904C-B681495ADAB6}.AppStore|Any CPU.ActiveCfg = Release|Any CPU
		{8BBC60F1-CEB1-40FC-904C-B681495ADAB6}.AppStore|Any CPU.Build.0 = Release|Any CPU
		{8BBC60F1-CEB1-40FC-904C-B681495ADAB6}.AppStore|iPhone.ActiveCfg = Debug|Any CPU
		{8BBC60F1-CEB1-40FC-904C-B681495ADAB6}.AppStore|iPhone.Build.0 = Debug|Any CPU
		{8BBC60F1-CEB1-40FC-904C-B681495ADAB6}.AppStore|iPhoneSimulator.ActiveCfg = Release|Any CPU
		{8BBC60F1-CEB1-40FC-904C-B681495ADAB6}.AppStore|iPhoneSimulator.Build.0 = Release|Any CPU
		{8BBC60F1-CEB1-40FC-904C-B681495ADAB6}.Debug|Any CPU.ActiveCfg = Debug|Any CPU
		{8BBC60F1-CEB1-40FC-904C-B681495ADAB6}.Debug|Any CPU.Build.0 = Debug|Any CPU
		{8BBC60F1-CEB1-40FC-904C-B681495ADAB6}.Debug|iPhone.ActiveCfg = Debug|Any CPU
		{8BBC60F1-CEB1-40FC-904C-B681495ADAB6}.Debug|iPhone.Build.0 = Debug|Any CPU
		{8BBC60F1-CEB1-40FC-904C-B681495ADAB6}.Debug|iPhoneSimulator.ActiveCfg = Debug|Any CPU
		{8BBC60F1-CEB1-40FC-904C-B681495ADAB6}.Debug|iPhoneSimulator.Build.0 = Debug|Any CPU
		{8BBC60F1-CEB1-40FC-904C-B681495ADAB6}.Release|Any CPU.ActiveCfg = Release|Any CPU
		{8BBC60F1-CEB1-40FC-904C-B681495ADAB6}.Release|Any CPU.Build.0 = Release|Any CPU
		{8BBC60F1-CEB1-40FC-904C-B681495ADAB6}.Release|iPhone.ActiveCfg = Release|Any CPU
		{8BBC60F1-CEB1-40FC-904C-B681495ADAB6}.Release|iPhone.Build.0 = Release|Any CPU
		{8BBC60F1-CEB1-40FC-904C-B681495ADAB6}.Release|iPhoneSimulator.ActiveCfg = Release|Any CPU
		{8BBC60F1-CEB1-40FC-904C-B681495ADAB6}.Release|iPhoneSimulator.Build.0 = Release|Any CPU
		{2CA10905-12EB-4550-9FCF-AEA9572E3B88}.Ad-Hoc|Any CPU.ActiveCfg = Release|Any CPU
		{2CA10905-12EB-4550-9FCF-AEA9572E3B88}.Ad-Hoc|Any CPU.Build.0 = Release|Any CPU
		{2CA10905-12EB-4550-9FCF-AEA9572E3B88}.Ad-Hoc|iPhone.ActiveCfg = Debug|Any CPU
		{2CA10905-12EB-4550-9FCF-AEA9572E3B88}.Ad-Hoc|iPhone.Build.0 = Debug|Any CPU
		{2CA10905-12EB-4550-9FCF-AEA9572E3B88}.Ad-Hoc|iPhoneSimulator.ActiveCfg = Release|Any CPU
		{2CA10905-12EB-4550-9FCF-AEA9572E3B88}.Ad-Hoc|iPhoneSimulator.Build.0 = Release|Any CPU
		{2CA10905-12EB-4550-9FCF-AEA9572E3B88}.AppStore|Any CPU.ActiveCfg = Release|Any CPU
		{2CA10905-12EB-4550-9FCF-AEA9572E3B88}.AppStore|Any CPU.Build.0 = Release|Any CPU
		{2CA10905-12EB-4550-9FCF-AEA9572E3B88}.AppStore|iPhone.ActiveCfg = Debug|Any CPU
		{2CA10905-12EB-4550-9FCF-AEA9572E3B88}.AppStore|iPhone.Build.0 = Debug|Any CPU
		{2CA10905-12EB-4550-9FCF-AEA9572E3B88}.AppStore|iPhoneSimulator.ActiveCfg = Release|Any CPU
		{2CA10905-12EB-4550-9FCF-AEA9572E3B88}.AppStore|iPhoneSimulator.Build.0 = Release|Any CPU
		{2CA10905-12EB-4550-9FCF-AEA9572E3B88}.Debug|Any CPU.ActiveCfg = Debug|Any CPU
		{2CA10905-12EB-4550-9FCF-AEA9572E3B88}.Debug|Any CPU.Build.0 = Debug|Any CPU
		{2CA10905-12EB-4550-9FCF-AEA9572E3B88}.Debug|iPhone.ActiveCfg = Debug|Any CPU
		{2CA10905-12EB-4550-9FCF-AEA9572E3B88}.Debug|iPhone.Build.0 = Debug|Any CPU
		{2CA10905-12EB-4550-9FCF-AEA9572E3B88}.Debug|iPhoneSimulator.ActiveCfg = Debug|Any CPU
		{2CA10905-12EB-4550-9FCF-AEA9572E3B88}.Debug|iPhoneSimulator.Build.0 = Debug|Any CPU
		{2CA10905-12EB-4550-9FCF-AEA9572E3B88}.Release|Any CPU.ActiveCfg = Release|Any CPU
		{2CA10905-12EB-4550-9FCF-AEA9572E3B88}.Release|Any CPU.Build.0 = Release|Any CPU
		{2CA10905-12EB-4550-9FCF-AEA9572E3B88}.Release|iPhone.ActiveCfg = Release|Any CPU
		{2CA10905-12EB-4550-9FCF-AEA9572E3B88}.Release|iPhone.Build.0 = Release|Any CPU
		{2CA10905-12EB-4550-9FCF-AEA9572E3B88}.Release|iPhoneSimulator.ActiveCfg = Release|Any CPU
		{2CA10905-12EB-4550-9FCF-AEA9572E3B88}.Release|iPhoneSimulator.Build.0 = Release|Any CPU
	EndGlobalSection
	GlobalSection(SolutionProperties) = preSolution
		HideSolutionNode = FALSE
	EndGlobalSection
	GlobalSection(ExtensibilityGlobals) = postSolution
		SolutionGuid = {30F83547-4769-41B2-AE26-4DE463570F78}
	EndGlobalSection
	GlobalSection(MonoDevelopProperties) = preSolution
		Policies = $0
		$0.TextStylePolicy = $1
		$1.TabsToSpaces = False
		$1.inheritsSet = VisualStudio
		$1.inheritsScope = text/plain
		$1.scope = text/x-csharp
		$1.FileWidth = 120
		$0.CSharpFormattingPolicy = $2
		$2.IndentSwitchBody = True
		$2.AnonymousMethodBraceStyle = NextLine
		$2.PropertyBraceStyle = NextLine
		$2.PropertyGetBraceStyle = NextLine
		$2.PropertySetBraceStyle = NextLine
		$2.EventBraceStyle = NextLine
		$2.EventAddBraceStyle = NextLine
		$2.EventRemoveBraceStyle = NextLine
		$2.StatementBraceStyle = NextLine
		$2.ElseNewLinePlacement = NewLine
		$2.ElseIfNewLinePlacement = NewLine
		$2.CatchNewLinePlacement = NewLine
		$2.FinallyNewLinePlacement = NewLine
		$2.WhileNewLinePlacement = DoNotCare
		$2.EmbeddedStatementPlacement = DoNotCare
		$2.ArrayInitializerWrapping = DoNotChange
		$2.BeforeMethodDeclarationParentheses = False
		$2.WithinMethodDeclarationParentheses = True
		$2.BeforeMethodCallParentheses = False
		$2.WithinMethodCallParentheses = True
		$2.BeforeConstructorDeclarationParentheses = False
		$2.WithinConstructorDeclarationParentheses = True
		$2.BeforeIndexerDeclarationBracket = False
		$2.WithinIndexerDeclarationBracket = True
		$2.BeforeDelegateDeclarationParentheses = False
		$2.AfterDelegateDeclarationParameterComma = True
		$2.WithinDelegateDeclarationParentheses = True
		$2.NewParentheses = False
		$2.WithinNewParentheses = True
		$2.SpacesBeforeBrackets = False
		$2.SpacesAfterTypecast = True
		$2.BlankLinesBetweenMembers = 0
		$2.AlignToFirstMethodCallArgument = True
		$2.AlignToFirstIndexerArgument = True
		$2.inheritsSet = Mono
		$2.inheritsScope = text/x-csharp
		$2.scope = text/x-csharp
		$2.IndentSwitchSection = True
		$2.NewLinesForBracesInProperties = True
		$2.NewLinesForBracesInAccessors = True
		$2.NewLinesForBracesInAnonymousMethods = True
		$2.NewLinesForBracesInControlBlocks = True
		$2.NewLinesForBracesInAnonymousTypes = True
		$2.NewLinesForBracesInObjectCollectionArrayInitializers = True
		$2.NewLinesForBracesInLambdaExpressionBody = True
		$2.NewLineForElse = True
		$2.NewLineForCatch = True
		$2.NewLineForFinally = True
		$2.NewLineForMembersInObjectInit = True
		$2.NewLineForMembersInAnonymousTypes = True
		$2.NewLineForClausesInQuery = True
		$2.SpacingAfterMethodDeclarationName = False
		$2.SpaceAfterMethodCallName = False
		$2.SpaceBeforeOpenSquareBracket = False
		$2.SpaceWithinMethodDeclarationParenthesis = True
		$2.SpaceWithinMethodCallParentheses = True
		$2.SpaceAfterCast = True
		StartupItem = Example\Example.csproj
	EndGlobalSection
EndGlobal
