
Microsoft Visual Studio Solution File, Format Version 11.00
# Visual Studio 2010
Project("{FAE04EC0-301F-11D3-BF4B-00C04F79EFBC}") = "TinyJSON", "TinyJSON\TinyJSON.csproj", "{B7E22DAC-A8C9-4E8B-A7F7-F8336836CAFD}"
EndProject
Project("{FAE04EC0-301F-11D3-BF4B-00C04F79EFBC}") = "Example", "Example\Example.csproj", "{8BBC60F1-CEB1-40FC-904C-B681495ADAB6}"
EndProject
Project("{FAE04EC0-301F-11D3-BF4B-00C04F79EFBC}") = "UnitTests", "UnitTests\UnitTests.csproj", "{145E7879-3E4D-41BF-963B-3CAF01C89AD7}"
EndProject
Project("{FAE04EC0-301F-11D3-BF4B-00C04F79EFBC}") = "UnitTests-iOS", "UnitTests-iOS\UnitTests-iOS.csproj", "{68474823-7696-4182-9F29-C74148862803}"
EndProject
Global
	GlobalSection(SolutionConfigurationPlatforms) = preSolution
		Debug|Any CPU = Debug|Any CPU
		Release|Any CPU = Release|Any CPU
		Debug|iPhoneSimulator = Debug|iPhoneSimulator
		Release|iPhoneSimulator = Release|iPhoneSimulator
		Debug|iPhone = Debug|iPhone
		Release|iPhone = Release|iPhone
		Ad-Hoc|iPhone = Ad-Hoc|iPhone
		AppStore|iPhone = AppStore|iPhone
	EndGlobalSection
	GlobalSection(ProjectConfigurationPlatforms) = postSolution
		{145E7879-3E4D-41BF-963B-3CAF01C89AD7}.Ad-Hoc|iPhone.ActiveCfg = Debug|Any CPU
		{145E7879-3E4D-41BF-963B-3CAF01C89AD7}.Ad-Hoc|iPhone.Build.0 = Debug|Any CPU
		{145E7879-3E4D-41BF-963B-3CAF01C89AD7}.AppStore|iPhone.ActiveCfg = Debug|Any CPU
		{145E7879-3E4D-41BF-963B-3CAF01C89AD7}.AppStore|iPhone.Build.0 = Debug|Any CPU
		{145E7879-3E4D-41BF-963B-3CAF01C89AD7}.Debug|Any CPU.ActiveCfg = Debug|Any CPU
		{145E7879-3E4D-41BF-963B-3CAF01C89AD7}.Debug|Any CPU.Build.0 = Debug|Any CPU
		{145E7879-3E4D-41BF-963B-3CAF01C89AD7}.Debug|iPhone.ActiveCfg = Debug|Any CPU
		{145E7879-3E4D-41BF-963B-3CAF01C89AD7}.Debug|iPhone.Build.0 = Debug|Any CPU
		{145E7879-3E4D-41BF-963B-3CAF01C89AD7}.Debug|iPhoneSimulator.ActiveCfg = Debug|Any CPU
		{145E7879-3E4D-41BF-963B-3CAF01C89AD7}.Debug|iPhoneSimulator.Build.0 = Debug|Any CPU
		{145E7879-3E4D-41BF-963B-3CAF01C89AD7}.Release|Any CPU.ActiveCfg = Release|Any CPU
		{145E7879-3E4D-41BF-963B-3CAF01C89AD7}.Release|Any CPU.Build.0 = Release|Any CPU
		{145E7879-3E4D-41BF-963B-3CAF01C89AD7}.Release|iPhone.ActiveCfg = Release|Any CPU
		{145E7879-3E4D-41BF-963B-3CAF01C89AD7}.Release|iPhone.Build.0 = Release|Any CPU
		{145E7879-3E4D-41BF-963B-3CAF01C89AD7}.Release|iPhoneSimulator.ActiveCfg = Release|Any CPU
		{145E7879-3E4D-41BF-963B-3CAF01C89AD7}.Release|iPhoneSimulator.Build.0 = Release|Any CPU
		{68474823-7696-4182-9F29-C74148862803}.Ad-Hoc|iPhone.ActiveCfg = Ad-Hoc|iPhone
		{68474823-7696-4182-9F29-C74148862803}.Ad-Hoc|iPhone.Build.0 = Ad-Hoc|iPhone
		{68474823-7696-4182-9F29-C74148862803}.AppStore|iPhone.ActiveCfg = AppStore|iPhone
		{68474823-7696-4182-9F29-C74148862803}.AppStore|iPhone.Build.0 = AppStore|iPhone
		{68474823-7696-4182-9F29-C74148862803}.Debug|Any CPU.ActiveCfg = Debug|iPhoneSimulator
		{68474823-7696-4182-9F29-C74148862803}.Debug|Any CPU.Build.0 = Debug|iPhoneSimulator
		{68474823-7696-4182-9F29-C74148862803}.Debug|iPhone.ActiveCfg = Debug|iPhone
		{68474823-7696-4182-9F29-C74148862803}.Debug|iPhone.Build.0 = Debug|iPhone
		{68474823-7696-4182-9F29-C74148862803}.Debug|iPhoneSimulator.ActiveCfg = Debug|iPhoneSimulator
		{68474823-7696-4182-9F29-C74148862803}.Debug|iPhoneSimulator.Build.0 = Debug|iPhoneSimulator
		{68474823-7696-4182-9F29-C74148862803}.Release|Any CPU.ActiveCfg = Release|iPhoneSimulator
		{68474823-7696-4182-9F29-C74148862803}.Release|Any CPU.Build.0 = Release|iPhoneSimulator
		{68474823-7696-4182-9F29-C74148862803}.Release|iPhone.ActiveCfg = Release|iPhone
		{68474823-7696-4182-9F29-C74148862803}.Release|iPhone.Build.0 = Release|iPhone
		{68474823-7696-4182-9F29-C74148862803}.Release|iPhoneSimulator.ActiveCfg = Release|iPhoneSimulator
		{68474823-7696-4182-9F29-C74148862803}.Release|iPhoneSimulator.Build.0 = Release|iPhoneSimulator
		{8BBC60F1-CEB1-40FC-904C-B681495ADAB6}.Ad-Hoc|iPhone.ActiveCfg = Debug|Any CPU
		{8BBC60F1-CEB1-40FC-904C-B681495ADAB6}.Ad-Hoc|iPhone.Build.0 = Debug|Any CPU
		{8BBC60F1-CEB1-40FC-904C-B681495ADAB6}.AppStore|iPhone.ActiveCfg = Debug|Any CPU
		{8BBC60F1-CEB1-40FC-904C-B681495ADAB6}.AppStore|iPhone.Build.0 = Debug|Any CPU
		{8BBC60F1-CEB1-40FC-904C-B681495ADAB6}.Debug|Any CPU.ActiveCfg = Debug|Any CPU
		{8BBC60F1-CEB1-40FC-904C-B681495ADAB6}.Debug|Any CPU.Build.0 = Debug|Any CPU
		{8BBC60F1-CEB1-40FC-904C-B681495ADAB6}.Debug|iPhone.ActiveCfg = Debug|Any CPU
		{8BBC60F1-CEB1-40FC-904C-B681495ADAB6}.Debug|iPhone.Build.0 = Debug|Any CPU
		{8BBC60F1-CEB1-40FC-904C-B681495ADAB6}.Debug|iPhoneSimulator.ActiveCfg = Debug|Any CPU
		{8BBC60F1-CEB1-40FC-904C-B681495ADAB6}.Debug|iPhoneSimulator.Build.0 = Debug|Any CPU
		{8BBC60F1-CEB1-40FC-904C-B681495ADAB6}.Release|Any CPU.ActiveCfg = Release|Any CPU
		{8BBC60F1-CEB1-40FC-904C-B681495ADAB6}.Release|Any CPU.Build.0 = Release|Any CPU
		{8BBC60F1-CEB1-40FC-904C-B681495ADAB6}.Release|iPhone.ActiveCfg = Release|Any CPU
		{8BBC60F1-CEB1-40FC-904C-B681495ADAB6}.Release|iPhone.Build.0 = Release|Any CPU
		{8BBC60F1-CEB1-40FC-904C-B681495ADAB6}.Release|iPhoneSimulator.ActiveCfg = Release|Any CPU
		{8BBC60F1-CEB1-40FC-904C-B681495ADAB6}.Release|iPhoneSimulator.Build.0 = Release|Any CPU
		{B7E22DAC-A8C9-4E8B-A7F7-F8336836CAFD}.Ad-Hoc|iPhone.ActiveCfg = Debug|Any CPU
		{B7E22DAC-A8C9-4E8B-A7F7-F8336836CAFD}.Ad-Hoc|iPhone.Build.0 = Debug|Any CPU
		{B7E22DAC-A8C9-4E8B-A7F7-F8336836CAFD}.AppStore|iPhone.ActiveCfg = Debug|Any CPU
		{B7E22DAC-A8C9-4E8B-A7F7-F8336836CAFD}.AppStore|iPhone.Build.0 = Debug|Any CPU
		{B7E22DAC-A8C9-4E8B-A7F7-F8336836CAFD}.Debug|Any CPU.ActiveCfg = Debug|Any CPU
		{B7E22DAC-A8C9-4E8B-A7F7-F8336836CAFD}.Debug|Any CPU.Build.0 = Debug|Any CPU
		{B7E22DAC-A8C9-4E8B-A7F7-F8336836CAFD}.Debug|iPhone.ActiveCfg = Debug|Any CPU
		{B7E22DAC-A8C9-4E8B-A7F7-F8336836CAFD}.Debug|iPhone.Build.0 = Debug|Any CPU
		{B7E22DAC-A8C9-4E8B-A7F7-F8336836CAFD}.Debug|iPhoneSimulator.ActiveCfg = Debug|Any CPU
		{B7E22DAC-A8C9-4E8B-A7F7-F8336836CAFD}.Debug|iPhoneSimulator.Build.0 = Debug|Any CPU
		{B7E22DAC-A8C9-4E8B-A7F7-F8336836CAFD}.Release|Any CPU.ActiveCfg = Release|Any CPU
		{B7E22DAC-A8C9-4E8B-A7F7-F8336836CAFD}.Release|Any CPU.Build.0 = Release|Any CPU
		{B7E22DAC-A8C9-4E8B-A7F7-F8336836CAFD}.Release|iPhone.ActiveCfg = Release|Any CPU
		{B7E22DAC-A8C9-4E8B-A7F7-F8336836CAFD}.Release|iPhone.Build.0 = Release|Any CPU
		{B7E22DAC-A8C9-4E8B-A7F7-F8336836CAFD}.Release|iPhoneSimulator.ActiveCfg = Release|Any CPU
		{B7E22DAC-A8C9-4E8B-A7F7-F8336836CAFD}.Release|iPhoneSimulator.Build.0 = Release|Any CPU
	EndGlobalSection
	GlobalSection(MonoDevelopProperties) = preSolution
		StartupItem = Example\Example.csproj
		Policies = $0
		$0.TextStylePolicy = $1
		$1.TabsToSpaces = False
		$1.inheritsSet = VisualStudio
		$1.inheritsScope = text/plain
		$1.scope = text/x-csharp
		$0.CSharpFormattingPolicy = $2
		$2.IndentSwitchBody = True
		$2.AnonymousMethodBraceStyle = NextLine
		$2.PropertyBraceStyle = NextLine
		$2.PropertyGetBraceStyle = NextLine
		$2.PropertySetBraceStyle = NextLine
		$2.EventBraceStyle = NextLine
		$2.EventAddBraceStyle = NextLine
		$2.EventRemoveBraceStyle = NextLine
		$2.StatementBraceStyle = NextLine
		$2.ElseNewLinePlacement = NewLine
		$2.ElseIfNewLinePlacement = NewLine
		$2.CatchNewLinePlacement = NewLine
		$2.FinallyNewLinePlacement = NewLine
		$2.WhileNewLinePlacement = DoNotCare
		$2.EmbeddedStatementPlacement = DoNotCare
		$2.ArrayInitializerWrapping = DoNotChange
		$2.BeforeMethodDeclarationParentheses = False
		$2.WithinMethodDeclarationParentheses = True
		$2.BeforeMethodCallParentheses = False
		$2.WithinMethodCallParentheses = True
		$2.BeforeConstructorDeclarationParentheses = False
		$2.WithinConstructorDeclarationParentheses = True
		$2.BeforeIndexerDeclarationBracket = False
		$2.WithinIndexerDeclarationBracket = True
		$2.BeforeDelegateDeclarationParentheses = False
		$2.AfterDelegateDeclarationParameterComma = True
		$2.WithinDelegateDeclarationParentheses = True
		$2.NewParentheses = False
		$2.WithinNewParentheses = True
		$2.SpacesBeforeBrackets = False
		$2.SpacesAfterTypecast = True
		$2.BlankLinesBetweenMembers = 0
		$2.AlignToFirstMethodCallArgument = True
		$2.AlignToFirstIndexerArgument = True
		$2.inheritsSet = Mono
		$2.inheritsScope = text/x-csharp
		$2.scope = text/x-csharp
	EndGlobalSection
EndGlobal
